
Microsoft Visual Studio Solution File, Format Version 12.00
# Visual Studio Version 16
VisualStudioVersion = 16.0.30907.101
MinimumVisualStudioVersion = 10.0.40219.1
Project("{FAE04EC0-301F-11D3-BF4B-00C04F79EFBC}") = "Discord Arduino Comms App", "Discord Arduino Comms App\Discord Arduino Comms App.csproj", "{21E85F09-29F8-429D-BE90-953CF25CF2AD}"
EndProject
Global
	GlobalSection(SolutionConfigurationPlatforms) = preSolution
		Debug|Any CPU = Debug|Any CPU
		Release|Any CPU = Release|Any CPU
	EndGlobalSection
	GlobalSection(ProjectConfigurationPlatforms) = postSolution
		{21E85F09-29F8-429D-BE90-953CF25CF2AD}.Debug|Any CPU.ActiveCfg = Debug|Any CPU
		{21E85F09-29F8-429D-BE90-953CF25CF2AD}.Debug|Any CPU.Build.0 = Debug|Any CPU
		{21E85F09-29F8-429D-BE90-953CF25CF2AD}.Release|Any CPU.ActiveCfg = Release|Any CPU
		{21E85F09-29F8-429D-BE90-953CF25CF2AD}.Release|Any CPU.Build.0 = Release|Any CPU
	EndGlobalSection
	GlobalSection(SolutionProperties) = preSolution
		HideSolutionNode = FALSE
	EndGlobalSection
	GlobalSection(ExtensibilityGlobals) = postSolution
		SolutionGuid = {47F579B9-F820-487C-A9B0-899FB2C0B433}
	EndGlobalSection
EndGlobal
